<?xml version="1.0" encoding="utf-8"?>
<Project ToolsVersion="4.0" xmlns="http://schemas.microsoft.com/developer/msbuild/2003">
  <ItemGroup>
    <Filter Include="thirdparty">
      <UniqueIdentifier>{be62b92b-f6c6-4e28-b7b3-8cd3293a714a}</UniqueIdentifier>
    </Filter>
  </ItemGroup>
  <ItemGroup>
    <ClCompile Include="..\..\src\ninja_ipc.cpp">
      <Filter>thirdparty</Filter>
    </ClCompile>
    <ClCompile Include="..\client.cpp" />
  </ItemGroup>
</Project>